// !$*UTF8*$!
{
	archiveVersion = 1;
	classes = {
	};
	objectVersion = 50;
	objects = {

/* Begin PBXBuildFile section */
		FA7B4E6426ECB9ED00ED46BB /* AppDelegate.swift in Sources */ = {isa = PBXBuildFile; fileRef = FA7B4E6326ECB9ED00ED46BB /* AppDelegate.swift */; };
		FA7B4E6626ECB9ED00ED46BB /* SceneDelegate.swift in Sources */ = {isa = PBXBuildFile; fileRef = FA7B4E6526ECB9ED00ED46BB /* SceneDelegate.swift */; };
		FA7B4E6826ECB9ED00ED46BB /* ViewController.swift in Sources */ = {isa = PBXBuildFile; fileRef = FA7B4E6726ECB9ED00ED46BB /* ViewController.swift */; };
		FA7B4E6B26ECB9ED00ED46BB /* Main.storyboard in Resources */ = {isa = PBXBuildFile; fileRef = FA7B4E6926ECB9ED00ED46BB /* Main.storyboard */; };
		FA7B4E6D26ECB9EF00ED46BB /* Assets.xcassets in Resources */ = {isa = PBXBuildFile; fileRef = FA7B4E6C26ECB9EF00ED46BB /* Assets.xcassets */; };
		FA7B4E7026ECB9EF00ED46BB /* LaunchScreen.storyboard in Resources */ = {isa = PBXBuildFile; fileRef = FA7B4E6E26ECB9EF00ED46BB /* LaunchScreen.storyboard */; };
		FA7B4E7B26ECB9EF00ED46BB /* MediaViewerTests.swift in Sources */ = {isa = PBXBuildFile; fileRef = FA7B4E7A26ECB9EF00ED46BB /* MediaViewerTests.swift */; };
		FA7B4E8626ECB9EF00ED46BB /* MediaViewerUITests.swift in Sources */ = {isa = PBXBuildFile; fileRef = FA7B4E8526ECB9EF00ED46BB /* MediaViewerUITests.swift */; };
/* End PBXBuildFile section */

/* Begin PBXContainerItemProxy section */
		FA7B4E7726ECB9EF00ED46BB /* PBXContainerItemProxy */ = {
			isa = PBXContainerItemProxy;
			containerPortal = FA7B4E5826ECB9ED00ED46BB /* Project object */;
			proxyType = 1;
			remoteGlobalIDString = FA7B4E5F26ECB9ED00ED46BB;
			remoteInfo = MediaViewer;
		};
		FA7B4E8226ECB9EF00ED46BB /* PBXContainerItemProxy */ = {
			isa = PBXContainerItemProxy;
			containerPortal = FA7B4E5826ECB9ED00ED46BB /* Project object */;
			proxyType = 1;
			remoteGlobalIDString = FA7B4E5F26ECB9ED00ED46BB;
			remoteInfo = MediaViewer;
		};
/* End PBXContainerItemProxy section */

/* Begin PBXFileReference section */
		FA7B4E6026ECB9ED00ED46BB /* MediaViewer.app */ = {isa = PBXFileReference; explicitFileType = wrapper.application; includeInIndex = 0; path = MediaViewer.app; sourceTree = BUILT_PRODUCTS_DIR; };
		FA7B4E6326ECB9ED00ED46BB /* AppDelegate.swift */ = {isa = PBXFileReference; lastKnownFileType = sourcecode.swift; path = AppDelegate.swift; sourceTree = "<group>"; };
		FA7B4E6526ECB9ED00ED46BB /* SceneDelegate.swift */ = {isa = PBXFileReference; lastKnownFileType = sourcecode.swift; path = SceneDelegate.swift; sourceTree = "<group>"; };
		FA7B4E6726ECB9ED00ED46BB /* ViewController.swift */ = {isa = PBXFileReference; lastKnownFileType = sourcecode.swift; path = ViewController.swift; sourceTree = "<group>"; };
		FA7B4E6A26ECB9ED00ED46BB /* Base */ = {isa = PBXFileReference; lastKnownFileType = file.storyboard; name = Base; path = Base.lproj/Main.storyboard; sourceTree = "<group>"; };
		FA7B4E6C26ECB9EF00ED46BB /* Assets.xcassets */ = {isa = PBXFileReference; lastKnownFileType = folder.assetcatalog; path = Assets.xcassets; sourceTree = "<group>"; };
		FA7B4E6F26ECB9EF00ED46BB /* Base */ = {isa = PBXFileReference; lastKnownFileType = file.storyboard; name = Base; path = Base.lproj/LaunchScreen.storyboard; sourceTree = "<group>"; };
		FA7B4E7126ECB9EF00ED46BB /* Info.plist */ = {isa = PBXFileReference; lastKnownFileType = text.plist.xml; path = Info.plist; sourceTree = "<group>"; };
		FA7B4E7626ECB9EF00ED46BB /* MediaViewerTests.xctest */ = {isa = PBXFileReference; explicitFileType = wrapper.cfbundle; includeInIndex = 0; path = MediaViewerTests.xctest; sourceTree = BUILT_PRODUCTS_DIR; };
		FA7B4E7A26ECB9EF00ED46BB /* MediaViewerTests.swift */ = {isa = PBXFileReference; lastKnownFileType = sourcecode.swift; path = MediaViewerTests.swift; sourceTree = "<group>"; };
		FA7B4E7C26ECB9EF00ED46BB /* Info.plist */ = {isa = PBXFileReference; lastKnownFileType = text.plist.xml; path = Info.plist; sourceTree = "<group>"; };
		FA7B4E8126ECB9EF00ED46BB /* MediaViewerUITests.xctest */ = {isa = PBXFileReference; explicitFileType = wrapper.cfbundle; includeInIndex = 0; path = MediaViewerUITests.xctest; sourceTree = BUILT_PRODUCTS_DIR; };
		FA7B4E8526ECB9EF00ED46BB /* MediaViewerUITests.swift */ = {isa = PBXFileReference; lastKnownFileType = sourcecode.swift; path = MediaViewerUITests.swift; sourceTree = "<group>"; };
		FA7B4E8726ECB9EF00ED46BB /* Info.plist */ = {isa = PBXFileReference; lastKnownFileType = text.plist.xml; path = Info.plist; sourceTree = "<group>"; };
/* End PBXFileReference section */

/* Begin PBXFrameworksBuildPhase section */
		FA7B4E5D26ECB9ED00ED46BB /* Frameworks */ = {
			isa = PBXFrameworksBuildPhase;
			buildActionMask = 2147483647;
			files = (
			);
			runOnlyForDeploymentPostprocessing = 0;
		};
		FA7B4E7326ECB9EF00ED46BB /* Frameworks */ = {
			isa = PBXFrameworksBuildPhase;
			buildActionMask = 2147483647;
			files = (
			);
			runOnlyForDeploymentPostprocessing = 0;
		};
		FA7B4E7E26ECB9EF00ED46BB /* Frameworks */ = {
			isa = PBXFrameworksBuildPhase;
			buildActionMask = 2147483647;
			files = (
			);
			runOnlyForDeploymentPostprocessing = 0;
		};
/* End PBXFrameworksBuildPhase section */

/* Begin PBXGroup section */
		FA7B4E5726ECB9ED00ED46BB = {
			isa = PBXGroup;
			children = (
				FA7B4E6226ECB9ED00ED46BB /* MediaViewer */,
				FA7B4E7926ECB9EF00ED46BB /* MediaViewerTests */,
				FA7B4E8426ECB9EF00ED46BB /* MediaViewerUITests */,
				FA7B4E6126ECB9ED00ED46BB /* Products */,
			);
			sourceTree = "<group>";
		};
		FA7B4E6126ECB9ED00ED46BB /* Products */ = {
			isa = PBXGroup;
			children = (
				FA7B4E6026ECB9ED00ED46BB /* MediaViewer.app */,
				FA7B4E7626ECB9EF00ED46BB /* MediaViewerTests.xctest */,
				FA7B4E8126ECB9EF00ED46BB /* MediaViewerUITests.xctest */,
			);
			name = Products;
			sourceTree = "<group>";
		};
		FA7B4E6226ECB9ED00ED46BB /* MediaViewer */ = {
			isa = PBXGroup;
			children = (
				FA7B4E6326ECB9ED00ED46BB /* AppDelegate.swift */,
				FA7B4E6526ECB9ED00ED46BB /* SceneDelegate.swift */,
				FA7B4E6726ECB9ED00ED46BB /* ViewController.swift */,
				FA7B4E6926ECB9ED00ED46BB /* Main.storyboard */,
				FA7B4E6C26ECB9EF00ED46BB /* Assets.xcassets */,
				FA7B4E6E26ECB9EF00ED46BB /* LaunchScreen.storyboard */,
				FA7B4E7126ECB9EF00ED46BB /* Info.plist */,
			);
			path = MediaViewer;
			sourceTree = "<group>";
		};
		FA7B4E7926ECB9EF00ED46BB /* MediaViewerTests */ = {
			isa = PBXGroup;
			children = (
				FA7B4E7A26ECB9EF00ED46BB /* MediaViewerTests.swift */,
				FA7B4E7C26ECB9EF00ED46BB /* Info.plist */,
			);
			path = MediaViewerTests;
			sourceTree = "<group>";
		};
		FA7B4E8426ECB9EF00ED46BB /* MediaViewerUITests */ = {
			isa = PBXGroup;
			children = (
				FA7B4E8526ECB9EF00ED46BB /* MediaViewerUITests.swift */,
				FA7B4E8726ECB9EF00ED46BB /* Info.plist */,
			);
			path = MediaViewerUITests;
			sourceTree = "<group>";
		};
/* End PBXGroup section */

/* Begin PBXNativeTarget section */
		FA7B4E5F26ECB9ED00ED46BB /* MediaViewer */ = {
			isa = PBXNativeTarget;
			buildConfigurationList = FA7B4E8A26ECB9EF00ED46BB /* Build configuration list for PBXNativeTarget "MediaViewer" */;
			buildPhases = (
				FA7B4E5C26ECB9ED00ED46BB /* Sources */,
				FA7B4E5D26ECB9ED00ED46BB /* Frameworks */,
				FA7B4E5E26ECB9ED00ED46BB /* Resources */,
			);
			buildRules = (
			);
			dependencies = (
			);
			name = MediaViewer;
			productName = MediaViewer;
			productReference = FA7B4E6026ECB9ED00ED46BB /* MediaViewer.app */;
			productType = "com.apple.product-type.application";
		};
		FA7B4E7526ECB9EF00ED46BB /* MediaViewerTests */ = {
			isa = PBXNativeTarget;
			buildConfigurationList = FA7B4E8D26ECB9EF00ED46BB /* Build configuration list for PBXNativeTarget "MediaViewerTests" */;
			buildPhases = (
				FA7B4E7226ECB9EF00ED46BB /* Sources */,
				FA7B4E7326ECB9EF00ED46BB /* Frameworks */,
				FA7B4E7426ECB9EF00ED46BB /* Resources */,
			);
			buildRules = (
			);
			dependencies = (
				FA7B4E7826ECB9EF00ED46BB /* PBXTargetDependency */,
			);
			name = MediaViewerTests;
			productName = MediaViewerTests;
			productReference = FA7B4E7626ECB9EF00ED46BB /* MediaViewerTests.xctest */;
			productType = "com.apple.product-type.bundle.unit-test";
		};
		FA7B4E8026ECB9EF00ED46BB /* MediaViewerUITests */ = {
			isa = PBXNativeTarget;
			buildConfigurationList = FA7B4E9026ECB9EF00ED46BB /* Build configuration list for PBXNativeTarget "MediaViewerUITests" */;
			buildPhases = (
				FA7B4E7D26ECB9EF00ED46BB /* Sources */,
				FA7B4E7E26ECB9EF00ED46BB /* Frameworks */,
				FA7B4E7F26ECB9EF00ED46BB /* Resources */,
			);
			buildRules = (
			);
			dependencies = (
				FA7B4E8326ECB9EF00ED46BB /* PBXTargetDependency */,
			);
			name = MediaViewerUITests;
			productName = MediaViewerUITests;
			productReference = FA7B4E8126ECB9EF00ED46BB /* MediaViewerUITests.xctest */;
			productType = "com.apple.product-type.bundle.ui-testing";
		};
/* End PBXNativeTarget section */

/* Begin PBXProject section */
		FA7B4E5826ECB9ED00ED46BB /* Project object */ = {
			isa = PBXProject;
			attributes = {
				LastSwiftUpdateCheck = 1240;
				LastUpgradeCheck = 1240;
				TargetAttributes = {
					FA7B4E5F26ECB9ED00ED46BB = {
						CreatedOnToolsVersion = 12.4;
					};
					FA7B4E7526ECB9EF00ED46BB = {
						CreatedOnToolsVersion = 12.4;
						TestTargetID = FA7B4E5F26ECB9ED00ED46BB;
					};
					FA7B4E8026ECB9EF00ED46BB = {
						CreatedOnToolsVersion = 12.4;
						TestTargetID = FA7B4E5F26ECB9ED00ED46BB;
					};
				};
			};
			buildConfigurationList = FA7B4E5B26ECB9ED00ED46BB /* Build configuration list for PBXProject "MediaViewer" */;
			compatibilityVersion = "Xcode 9.3";
			developmentRegion = en;
			hasScannedForEncodings = 0;
			knownRegions = (
				en,
				Base,
			);
			mainGroup = FA7B4E5726ECB9ED00ED46BB;
			productRefGroup = FA7B4E6126ECB9ED00ED46BB /* Products */;
			projectDirPath = "";
			projectRoot = "";
			targets = (
				FA7B4E5F26ECB9ED00ED46BB /* MediaViewer */,
				FA7B4E7526ECB9EF00ED46BB /* MediaViewerTests */,
				FA7B4E8026ECB9EF00ED46BB /* MediaViewerUITests */,
			);
		};
/* End PBXProject section */

/* Begin PBXResourcesBuildPhase section */
		FA7B4E5E26ECB9ED00ED46BB /* Resources */ = {
			isa = PBXResourcesBuildPhase;
			buildActionMask = 2147483647;
			files = (
				FA7B4E7026ECB9EF00ED46BB /* LaunchScreen.storyboard in Resources */,
				FA7B4E6D26ECB9EF00ED46BB /* Assets.xcassets in Resources */,
				FA7B4E6B26ECB9ED00ED46BB /* Main.storyboard in Resources */,
			);
			runOnlyForDeploymentPostprocessing = 0;
		};
		FA7B4E7426ECB9EF00ED46BB /* Resources */ = {
			isa = PBXResourcesBuildPhase;
			buildActionMask = 2147483647;
			files = (
			);
			runOnlyForDeploymentPostprocessing = 0;
		};
		FA7B4E7F26ECB9EF00ED46BB /* Resources */ = {
			isa = PBXResourcesBuildPhase;
			buildActionMask = 2147483647;
			files = (
			);
			runOnlyForDeploymentPostprocessing = 0;
		};
/* End PBXResourcesBuildPhase section */

/* Begin PBXSourcesBuildPhase section */
		FA7B4E5C26ECB9ED00ED46BB /* Sources */ = {
			isa = PBXSourcesBuildPhase;
			buildActionMask = 2147483647;
			files = (
				FA7B4E6826ECB9ED00ED46BB /* ViewController.swift in Sources */,
				FA7B4E6426ECB9ED00ED46BB /* AppDelegate.swift in Sources */,
				FA7B4E6626ECB9ED00ED46BB /* SceneDelegate.swift in Sources */,
			);
			runOnlyForDeploymentPostprocessing = 0;
		};
		FA7B4E7226ECB9EF00ED46BB /* Sources */ = {
			isa = PBXSourcesBuildPhase;
			buildActionMask = 2147483647;
			files = (
				FA7B4E7B26ECB9EF00ED46BB /* MediaViewerTests.swift in Sources */,
			);
			runOnlyForDeploymentPostprocessing = 0;
		};
		FA7B4E7D26ECB9EF00ED46BB /* Sources */ = {
			isa = PBXSourcesBuildPhase;
			buildActionMask = 2147483647;
			files = (
				FA7B4E8626ECB9EF00ED46BB /* MediaViewerUITests.swift in Sources */,
			);
			runOnlyForDeploymentPostprocessing = 0;
		};
/* End PBXSourcesBuildPhase section */

/* Begin PBXTargetDependency section */
		FA7B4E7826ECB9EF00ED46BB /* PBXTargetDependency */ = {
			isa = PBXTargetDependency;
			target = FA7B4E5F26ECB9ED00ED46BB /* MediaViewer */;
			targetProxy = FA7B4E7726ECB9EF00ED46BB /* PBXContainerItemProxy */;
		};
		FA7B4E8326ECB9EF00ED46BB /* PBXTargetDependency */ = {
			isa = PBXTargetDependency;
			target = FA7B4E5F26ECB9ED00ED46BB /* MediaViewer */;
			targetProxy = FA7B4E8226ECB9EF00ED46BB /* PBXContainerItemProxy */;
		};
/* End PBXTargetDependency section */

/* Begin PBXVariantGroup section */
		FA7B4E6926ECB9ED00ED46BB /* Main.storyboard */ = {
			isa = PBXVariantGroup;
			children = (
				FA7B4E6A26ECB9ED00ED46BB /* Base */,
			);
			name = Main.storyboard;
			sourceTree = "<group>";
		};
		FA7B4E6E26ECB9EF00ED46BB /* LaunchScreen.storyboard */ = {
			isa = PBXVariantGroup;
			children = (
				FA7B4E6F26ECB9EF00ED46BB /* Base */,
			);
			name = LaunchScreen.storyboard;
			sourceTree = "<group>";
		};
/* End PBXVariantGroup section */

/* Begin XCBuildConfiguration section */
		FA7B4E8826ECB9EF00ED46BB /* Debug */ = {
			isa = XCBuildConfiguration;
			buildSettings = {
				ALWAYS_SEARCH_USER_PATHS = NO;
				CLANG_ANALYZER_NONNULL = YES;
				CLANG_ANALYZER_NUMBER_OBJECT_CONVERSION = YES_AGGRESSIVE;
				CLANG_CXX_LANGUAGE_STANDARD = "gnu++14";
				CLANG_CXX_LIBRARY = "libc++";
				CLANG_ENABLE_MODULES = YES;
				CLANG_ENABLE_OBJC_ARC = YES;
				CLANG_ENABLE_OBJC_WEAK = YES;
				CLANG_WARN_BLOCK_CAPTURE_AUTORELEASING = YES;
				CLANG_WARN_BOOL_CONVERSION = YES;
				CLANG_WARN_COMMA = YES;
				CLANG_WARN_CONSTANT_CONVERSION = YES;
				CLANG_WARN_DEPRECATED_OBJC_IMPLEMENTATIONS = YES;
				CLANG_WARN_DIRECT_OBJC_ISA_USAGE = YES_ERROR;
				CLANG_WARN_DOCUMENTATION_COMMENTS = YES;
				CLANG_WARN_EMPTY_BODY = YES;
				CLANG_WARN_ENUM_CONVERSION = YES;
				CLANG_WARN_INFINITE_RECURSION = YES;
				CLANG_WARN_INT_CONVERSION = YES;
				CLANG_WARN_NON_LITERAL_NULL_CONVERSION = YES;
				CLANG_WARN_OBJC_IMPLICIT_RETAIN_SELF = YES;
				CLANG_WARN_OBJC_LITERAL_CONVERSION = YES;
				CLANG_WARN_OBJC_ROOT_CLASS = YES_ERROR;
				CLANG_WARN_QUOTED_INCLUDE_IN_FRAMEWORK_HEADER = YES;
				CLANG_WARN_RANGE_LOOP_ANALYSIS = YES;
				CLANG_WARN_STRICT_PROTOTYPES = YES;
				CLANG_WARN_SUSPICIOUS_MOVE = YES;
				CLANG_WARN_UNGUARDED_AVAILABILITY = YES_AGGRESSIVE;
				CLANG_WARN_UNREACHABLE_CODE = YES;
				CLANG_WARN__DUPLICATE_METHOD_MATCH = YES;
				COPY_PHASE_STRIP = NO;
				DEBUG_INFORMATION_FORMAT = dwarf;
				ENABLE_STRICT_OBJC_MSGSEND = YES;
				ENABLE_TESTABILITY = YES;
				GCC_C_LANGUAGE_STANDARD = gnu11;
				GCC_DYNAMIC_NO_PIC = NO;
				GCC_NO_COMMON_BLOCKS = YES;
				GCC_OPTIMIZATION_LEVEL = 0;
				GCC_PREPROCESSOR_DEFINITIONS = (
					"DEBUG=1",
					"$(inherited)",
				);
				GCC_WARN_64_TO_32_BIT_CONVERSION = YES;
				GCC_WARN_ABOUT_RETURN_TYPE = YES_ERROR;
				GCC_WARN_UNDECLARED_SELECTOR = YES;
				GCC_WARN_UNINITIALIZED_AUTOS = YES_AGGRESSIVE;
				GCC_WARN_UNUSED_FUNCTION = YES;
				GCC_WARN_UNUSED_VARIABLE = YES;
				IPHONEOS_DEPLOYMENT_TARGET = 14.4;
				MTL_ENABLE_DEBUG_INFO = INCLUDE_SOURCE;
				MTL_FAST_MATH = YES;
				ONLY_ACTIVE_ARCH = YES;
				SDKROOT = iphoneos;
				SWIFT_ACTIVE_COMPILATION_CONDITIONS = DEBUG;
				SWIFT_OPTIMIZATION_LEVEL = "-Onone";
			};
			name = Debug;
		};
		FA7B4E8926ECB9EF00ED46BB /* Release */ = {
			isa = XCBuildConfiguration;
			buildSettings = {
				ALWAYS_SEARCH_USER_PATHS = NO;
				CLANG_ANALYZER_NONNULL = YES;
				CLANG_ANALYZER_NUMBER_OBJECT_CONVERSION = YES_AGGRESSIVE;
				CLANG_CXX_LANGUAGE_STANDARD = "gnu++14";
				CLANG_CXX_LIBRARY = "libc++";
				CLANG_ENABLE_MODULES = YES;
				CLANG_ENABLE_OBJC_ARC = YES;
				CLANG_ENABLE_OBJC_WEAK = YES;
				CLANG_WARN_BLOCK_CAPTURE_AUTORELEASING = YES;
				CLANG_WARN_BOOL_CONVERSION = YES;
				CLANG_WARN_COMMA = YES;
				CLANG_WARN_CONSTANT_CONVERSION = YES;
				CLANG_WARN_DEPRECATED_OBJC_IMPLEMENTATIONS = YES;
				CLANG_WARN_DIRECT_OBJC_ISA_USAGE = YES_ERROR;
				CLANG_WARN_DOCUMENTATION_COMMENTS = YES;
				CLANG_WARN_EMPTY_BODY = YES;
				CLANG_WARN_ENUM_CONVERSION = YES;
				CLANG_WARN_INFINITE_RECURSION = YES;
				CLANG_WARN_INT_CONVERSION = YES;
				CLANG_WARN_NON_LITERAL_NULL_CONVERSION = YES;
				CLANG_WARN_OBJC_IMPLICIT_RETAIN_SELF = YES;
				CLANG_WARN_OBJC_LITERAL_CONVERSION = YES;
				CLANG_WARN_OBJC_ROOT_CLASS = YES_ERROR;
				CLANG_WARN_QUOTED_INCLUDE_IN_FRAMEWORK_HEADER = YES;
				CLANG_WARN_RANGE_LOOP_ANALYSIS = YES;
				CLANG_WARN_STRICT_PROTOTYPES = YES;
				CLANG_WARN_SUSPICIOUS_MOVE = YES;
				CLANG_WARN_UNGUARDED_AVAILABILITY = YES_AGGRESSIVE;
				CLANG_WARN_UNREACHABLE_CODE = YES;
				CLANG_WARN__DUPLICATE_METHOD_MATCH = YES;
				COPY_PHASE_STRIP = NO;
				DEBUG_INFORMATION_FORMAT = "dwarf-with-dsym";
				ENABLE_NS_ASSERTIONS = NO;
				ENABLE_STRICT_OBJC_MSGSEND = YES;
				GCC_C_LANGUAGE_STANDARD = gnu11;
				GCC_NO_COMMON_BLOCKS = YES;
				GCC_WARN_64_TO_32_BIT_CONVERSION = YES;
				GCC_WARN_ABOUT_RETURN_TYPE = YES_ERROR;
				GCC_WARN_UNDECLARED_SELECTOR = YES;
				GCC_WARN_UNINITIALIZED_AUTOS = YES_AGGRESSIVE;
				GCC_WARN_UNUSED_FUNCTION = YES;
				GCC_WARN_UNUSED_VARIABLE = YES;
				IPHONEOS_DEPLOYMENT_TARGET = 14.4;
				MTL_ENABLE_DEBUG_INFO = NO;
				MTL_FAST_MATH = YES;
				SDKROOT = iphoneos;
				SWIFT_COMPILATION_MODE = wholemodule;
				SWIFT_OPTIMIZATION_LEVEL = "-O";
				VALIDATE_PRODUCT = YES;
			};
			name = Release;
		};
		FA7B4E8B26ECB9EF00ED46BB /* Debug */ = {
			isa = XCBuildConfiguration;
			buildSettings = {
				ASSETCATALOG_COMPILER_APPICON_NAME = AppIcon;
				ASSETCATALOG_COMPILER_GLOBAL_ACCENT_COLOR_NAME = AccentColor;
				CODE_SIGN_STYLE = Automatic;
				INFOPLIST_FILE = MediaViewer/Info.plist;
				LD_RUNPATH_SEARCH_PATHS = (
					"$(inherited)",
					"@executable_path/Frameworks",
				);
				PRODUCT_BUNDLE_IDENTIFIER = com.trantien.MediaViewer;
				PRODUCT_NAME = "$(TARGET_NAME)";
				SWIFT_VERSION = 5.0;
				TARGETED_DEVICE_FAMILY = "1,2";
			};
			name = Debug;
		};
		FA7B4E8C26ECB9EF00ED46BB /* Release */ = {
			isa = XCBuildConfiguration;
			buildSettings = {
				ASSETCATALOG_COMPILER_APPICON_NAME = AppIcon;
				ASSETCATALOG_COMPILER_GLOBAL_ACCENT_COLOR_NAME = AccentColor;
				CODE_SIGN_STYLE = Automatic;
				INFOPLIST_FILE = MediaViewer/Info.plist;
				LD_RUNPATH_SEARCH_PATHS = (
					"$(inherited)",
					"@executable_path/Frameworks",
				);
				PRODUCT_BUNDLE_IDENTIFIER = com.trantien.MediaViewer;
				PRODUCT_NAME = "$(TARGET_NAME)";
				SWIFT_VERSION = 5.0;
				TARGETED_DEVICE_FAMILY = "1,2";
			};
			name = Release;
		};
		FA7B4E8E26ECB9EF00ED46BB /* Debug */ = {
			isa = XCBuildConfiguration;
			buildSettings = {
				ALWAYS_EMBED_SWIFT_STANDARD_LIBRARIES = YES;
				BUNDLE_LOADER = "$(TEST_HOST)";
				CODE_SIGN_STYLE = Automatic;
				INFOPLIST_FILE = MediaViewerTests/Info.plist;
				IPHONEOS_DEPLOYMENT_TARGET = 14.4;
				LD_RUNPATH_SEARCH_PATHS = (
					"$(inherited)",
					"@executable_path/Frameworks",
					"@loader_path/Frameworks",
				);
				PRODUCT_BUNDLE_IDENTIFIER = com.trantien.MediaViewerTests;
				PRODUCT_NAME = "$(TARGET_NAME)";
				SWIFT_VERSION = 5.0;
				TARGETED_DEVICE_FAMILY = "1,2";
				TEST_HOST = "$(BUILT_PRODUCTS_DIR)/MediaViewer.app/MediaViewer";
			};
			name = Debug;
		};
		FA7B4E8F26ECB9EF00ED46BB /* Release */ = {
			isa = XCBuildConfiguration;
			buildSettings = {
				ALWAYS_EMBED_SWIFT_STANDARD_LIBRARIES = YES;
				BUNDLE_LOADER = "$(TEST_HOST)";
				CODE_SIGN_STYLE = Automatic;
				INFOPLIST_FILE = MediaViewerTests/Info.plist;
				IPHONEOS_DEPLOYMENT_TARGET = 14.4;
				LD_RUNPATH_SEARCH_PATHS = (
					"$(inherited)",
					"@executable_path/Frameworks",
					"@loader_path/Frameworks",
				);
				PRODUCT_BUNDLE_IDENTIFIER = com.trantien.MediaViewerTests;
				PRODUCT_NAME = "$(TARGET_NAME)";
				SWIFT_VERSION = 5.0;
				TARGETED_DEVICE_FAMILY = "1,2";
				TEST_HOST = "$(BUILT_PRODUCTS_DIR)/MediaViewer.app/MediaViewer";
			};
			name = Release;
		};
		FA7B4E9126ECB9EF00ED46BB /* Debug */ = {
			isa = XCBuildConfiguration;
			buildSettings = {
				ALWAYS_EMBED_SWIFT_STANDARD_LIBRARIES = YES;
				CODE_SIGN_STYLE = Automatic;
				INFOPLIST_FILE = MediaViewerUITests/Info.plist;
				LD_RUNPATH_SEARCH_PATHS = (
					"$(inherited)",
					"@executable_path/Frameworks",
					"@loader_path/Frameworks",
				);
				PRODUCT_BUNDLE_IDENTIFIER = com.trantien.MediaViewerUITests;
				PRODUCT_NAME = "$(TARGET_NAME)";
				SWIFT_VERSION = 5.0;
				TARGETED_DEVICE_FAMILY = "1,2";
				TEST_TARGET_NAME = MediaViewer;
			};
			name = Debug;
		};
		FA7B4E9226ECB9EF00ED46BB /* Release */ = {
			isa = XCBuildConfiguration;
			buildSettings = {
				ALWAYS_EMBED_SWIFT_STANDARD_LIBRARIES = YES;
				CODE_SIGN_STYLE = Automatic;
				INFOPLIST_FILE = MediaViewerUITests/Info.plist;
				LD_RUNPATH_SEARCH_PATHS = (
					"$(inherited)",
					"@executable_path/Frameworks",
					"@loader_path/Frameworks",
				);
				PRODUCT_BUNDLE_IDENTIFIER = com.trantien.MediaViewerUITests;
				PRODUCT_NAME = "$(TARGET_NAME)";
				SWIFT_VERSION = 5.0;
				TARGETED_DEVICE_FAMILY = "1,2";
				TEST_TARGET_NAME = MediaViewer;
			};
			name = Release;
		};
/* End XCBuildConfiguration section */

/* Begin XCConfigurationList section */
		FA7B4E5B26ECB9ED00ED46BB /* Build configuration list for PBXProject "MediaViewer" */ = {
			isa = XCConfigurationList;
			buildConfigurations = (
				FA7B4E8826ECB9EF00ED46BB /* Debug */,
				FA7B4E8926ECB9EF00ED46BB /* Release */,
			);
			defaultConfigurationIsVisible = 0;
			defaultConfigurationName = Release;
		};
		FA7B4E8A26ECB9EF00ED46BB /* Build configuration list for PBXNativeTarget "MediaViewer" */ = {
			isa = XCConfigurationList;
			buildConfigurations = (
				FA7B4E8B26ECB9EF00ED46BB /* Debug */,
				FA7B4E8C26ECB9EF00ED46BB /* Release */,
			);
			defaultConfigurationIsVisible = 0;
			defaultConfigurationName = Release;
		};
		FA7B4E8D26ECB9EF00ED46BB /* Build configuration list for PBXNativeTarget "MediaViewerTests" */ = {
			isa = XCConfigurationList;
			buildConfigurations = (
				FA7B4E8E26ECB9EF00ED46BB /* Debug */,
				FA7B4E8F26ECB9EF00ED46BB /* Release */,
			);
			defaultConfigurationIsVisible = 0;
			defaultConfigurationName = Release;
		};
		FA7B4E9026ECB9EF00ED46BB /* Build configuration list for PBXNativeTarget "MediaViewerUITests" */ = {
			isa = XCConfigurationList;
			buildConfigurations = (
				FA7B4E9126ECB9EF00ED46BB /* Debug */,
				FA7B4E9226ECB9EF00ED46BB /* Release */,
			);
			defaultConfigurationIsVisible = 0;
			defaultConfigurationName = Release;
		};
/* End XCConfigurationList section */
	};
	rootObject = FA7B4E5826ECB9ED00ED46BB /* Project object */;
}
